
Microsoft Visual Studio Solution File, Format Version 12.00
# Visual Studio Version 16
VisualStudioVersion = 16.0.32602.291
MinimumVisualStudioVersion = 10.0.40219.1
Project("{FAE04EC0-301F-11D3-BF4B-00C04F79EFBC}") = "Task", "Task\Task.csproj", "{38695095-AA6A-49E3-A472-16F440C57101}"
EndProject
Global
	GlobalSection(SolutionConfigurationPlatforms) = preSolution
		Debug|Any CPU = Debug|Any CPU
		Release|Any CPU = Release|Any CPU
	EndGlobalSection
	GlobalSection(ProjectConfigurationPlatforms) = postSolution
		{38695095-AA6A-49E3-A472-16F440C57101}.Debug|Any CPU.ActiveCfg = Debug|Any CPU
		{38695095-AA6A-49E3-A472-16F440C57101}.Debug|Any CPU.Build.0 = Debug|Any CPU
		{38695095-AA6A-49E3-A472-16F440C57101}.Release|Any CPU.ActiveCfg = Release|Any CPU
		{38695095-AA6A-49E3-A472-16F440C57101}.Release|Any CPU.Build.0 = Release|Any CPU
	EndGlobalSection
	GlobalSection(SolutionProperties) = preSolution
		HideSolutionNode = FALSE
	EndGlobalSection
	GlobalSection(ExtensibilityGlobals) = postSolution
		SolutionGuid = {86ECDBD4-DF52-4F17-A5AB-437C783C10D6}
	EndGlobalSection
EndGlobal
